// !$*UTF8*$!
{
	archiveVersion = 1;
	classes = {
	};
	objectVersion = 46;
	objects = {

/* Begin PBXBuildFile section */
		3883DDAD1CB397AC00D96EE6 /* ZFPopupMenu.m in Sources */ = {isa = PBXBuildFile; fileRef = 3883DDA81CB397AC00D96EE6 /* ZFPopupMenu.m */; };
		3883DDAE1CB397AC00D96EE6 /* ZFPopupMenuItem.m in Sources */ = {isa = PBXBuildFile; fileRef = 3883DDAA1CB397AC00D96EE6 /* ZFPopupMenuItem.m */; };
		3883DDAF1CB397AC00D96EE6 /* ZFPopupOverlayView.m in Sources */ = {isa = PBXBuildFile; fileRef = 3883DDAC1CB397AC00D96EE6 /* ZFPopupOverlayView.m */; };
		38A80FE51CAE571000061271 /* main.m in Sources */ = {isa = PBXBuildFile; fileRef = 38A80FE41CAE571000061271 /* main.m */; };
		38A80FE81CAE571000061271 /* AppDelegate.m in Sources */ = {isa = PBXBuildFile; fileRef = 38A80FE71CAE571000061271 /* AppDelegate.m */; };
		38A80FEB1CAE571000061271 /* MainPageViewController.m in Sources */ = {isa = PBXBuildFile; fileRef = 38A80FEA1CAE571000061271 /* MainPageViewController.m */; };
		38A80FEE1CAE571000061271 /* Main.storyboard in Resources */ = {isa = PBXBuildFile; fileRef = 38A80FEC1CAE571000061271 /* Main.storyboard */; };
		38A80FF11CAE571000061271 /* LeftSlider.xcdatamodeld in Sources */ = {isa = PBXBuildFile; fileRef = 38A80FEF1CAE571000061271 /* LeftSlider.xcdatamodeld */; };
		38A80FF31CAE571000061271 /* Assets.xcassets in Resources */ = {isa = PBXBuildFile; fileRef = 38A80FF21CAE571000061271 /* Assets.xcassets */; };
		38A80FF61CAE571000061271 /* LaunchScreen.storyboard in Resources */ = {isa = PBXBuildFile; fileRef = 38A80FF41CAE571000061271 /* LaunchScreen.storyboard */; };
		38A810011CAE571000061271 /* LeftSliderTests.m in Sources */ = {isa = PBXBuildFile; fileRef = 38A810001CAE571000061271 /* LeftSliderTests.m */; };
		38A8100C1CAE571000061271 /* LeftSliderUITests.m in Sources */ = {isa = PBXBuildFile; fileRef = 38A8100B1CAE571000061271 /* LeftSliderUITests.m */; };
		38A8101A1CAE581200061271 /* FirstPage in Resources */ = {isa = PBXBuildFile; fileRef = 38A810191CAE581200061271 /* FirstPage */; };
		38A810221CAE587700061271 /* Common in Resources */ = {isa = PBXBuildFile; fileRef = 38A8101D1CAE587700061271 /* Common */; };
		38A810241CAE587700061271 /* SecondPage in Resources */ = {isa = PBXBuildFile; fileRef = 38A8101F1CAE587700061271 /* SecondPage */; };
		38A810251CAE587700061271 /* ThirdPage in Resources */ = {isa = PBXBuildFile; fileRef = 38A810201CAE587700061271 /* ThirdPage */; };
		38A8102A1CAE598400061271 /* CoreData in Resources */ = {isa = PBXBuildFile; fileRef = 38A810281CAE598400061271 /* CoreData */; };
		38A810351CAE68C700061271 /* LeftSortsViewController.m in Sources */ = {isa = PBXBuildFile; fileRef = 38A810341CAE68C700061271 /* LeftSortsViewController.m */; };
		38A810381CAE68D600061271 /* SkipViewController.m in Sources */ = {isa = PBXBuildFile; fileRef = 38A810371CAE68D600061271 /* SkipViewController.m */; };
		38A8103D1CAE68E100061271 /* LeftSlideViewController.m in Sources */ = {isa = PBXBuildFile; fileRef = 38A8103A1CAE68E100061271 /* LeftSlideViewController.m */; };
		38A8103E1CAE68E100061271 /* UIView_extra.m in Sources */ = {isa = PBXBuildFile; fileRef = 38A8103C1CAE68E100061271 /* UIView_extra.m */; };
		38A810421CAE695200061271 /* OtherViewController.m in Sources */ = {isa = PBXBuildFile; fileRef = 38A810411CAE695200061271 /* OtherViewController.m */; };
		FFAEBB458CDA6A9C4E95267D /* libPods.a in Frameworks */ = {isa = PBXBuildFile; fileRef = A9A7D8466DDD42F2E84BE165 /* libPods.a */; };
/* End PBXBuildFile section */

/* Begin PBXContainerItemProxy section */
		38A80FFD1CAE571000061271 /* PBXContainerItemProxy */ = {
			isa = PBXContainerItemProxy;
			containerPortal = 38A80FD81CAE571000061271 /* Project object */;
			proxyType = 1;
			remoteGlobalIDString = 38A80FDF1CAE571000061271;
			remoteInfo = LeftSlider;
		};
		38A810081CAE571000061271 /* PBXContainerItemProxy */ = {
			isa = PBXContainerItemProxy;
			containerPortal = 38A80FD81CAE571000061271 /* Project object */;
			proxyType = 1;
			remoteGlobalIDString = 38A80FDF1CAE571000061271;
			remoteInfo = LeftSlider;
		};
/* End PBXContainerItemProxy section */

/* Begin PBXFileReference section */
		1160FC9EF9FA1A0084C6E260 /* Pods.release.xcconfig */ = {isa = PBXFileReference; includeInIndex = 1; lastKnownFileType = text.xcconfig; name = Pods.release.xcconfig; path = "Pods/Target Support Files/Pods/Pods.release.xcconfig"; sourceTree = "<group>"; };
		3883DDA71CB397AC00D96EE6 /* ZFPopupMenu.h */ = {isa = PBXFileReference; fileEncoding = 4; lastKnownFileType = sourcecode.c.h; name = ZFPopupMenu.h; path = ThirdPart/PopMenuView/ZFPopupMenu.h; sourceTree = "<group>"; };
		3883DDA81CB397AC00D96EE6 /* ZFPopupMenu.m */ = {isa = PBXFileReference; fileEncoding = 4; lastKnownFileType = sourcecode.c.objc; name = ZFPopupMenu.m; path = ThirdPart/PopMenuView/ZFPopupMenu.m; sourceTree = "<group>"; };
		3883DDA91CB397AC00D96EE6 /* ZFPopupMenuItem.h */ = {isa = PBXFileReference; fileEncoding = 4; lastKnownFileType = sourcecode.c.h; name = ZFPopupMenuItem.h; path = ThirdPart/PopMenuView/ZFPopupMenuItem.h; sourceTree = "<group>"; };
		3883DDAA1CB397AC00D96EE6 /* ZFPopupMenuItem.m */ = {isa = PBXFileReference; fileEncoding = 4; lastKnownFileType = sourcecode.c.objc; name = ZFPopupMenuItem.m; path = ThirdPart/PopMenuView/ZFPopupMenuItem.m; sourceTree = "<group>"; };
		3883DDAB1CB397AC00D96EE6 /* ZFPopupOverlayView.h */ = {isa = PBXFileReference; fileEncoding = 4; lastKnownFileType = sourcecode.c.h; name = ZFPopupOverlayView.h; path = ThirdPart/PopMenuView/ZFPopupOverlayView.h; sourceTree = "<group>"; };
		3883DDAC1CB397AC00D96EE6 /* ZFPopupOverlayView.m */ = {isa = PBXFileReference; fileEncoding = 4; lastKnownFileType = sourcecode.c.objc; name = ZFPopupOverlayView.m; path = ThirdPart/PopMenuView/ZFPopupOverlayView.m; sourceTree = "<group>"; };
		38A80FE01CAE571000061271 /* LeftSlider.app */ = {isa = PBXFileReference; explicitFileType = wrapper.application; includeInIndex = 0; path = LeftSlider.app; sourceTree = BUILT_PRODUCTS_DIR; };
		38A80FE41CAE571000061271 /* main.m */ = {isa = PBXFileReference; lastKnownFileType = sourcecode.c.objc; path = main.m; sourceTree = "<group>"; };
		38A80FE61CAE571000061271 /* AppDelegate.h */ = {isa = PBXFileReference; lastKnownFileType = sourcecode.c.h; path = AppDelegate.h; sourceTree = "<group>"; };
		38A80FE71CAE571000061271 /* AppDelegate.m */ = {isa = PBXFileReference; lastKnownFileType = sourcecode.c.objc; path = AppDelegate.m; sourceTree = "<group>"; };
		38A80FE91CAE571000061271 /* MainPageViewController.h */ = {isa = PBXFileReference; lastKnownFileType = sourcecode.c.h; path = MainPageViewController.h; sourceTree = "<group>"; };
		38A80FEA1CAE571000061271 /* MainPageViewController.m */ = {isa = PBXFileReference; lastKnownFileType = sourcecode.c.objc; path = MainPageViewController.m; sourceTree = "<group>"; };
		38A80FED1CAE571000061271 /* Base */ = {isa = PBXFileReference; lastKnownFileType = file.storyboard; name = Base; path = Base.lproj/Main.storyboard; sourceTree = "<group>"; };
		38A80FF01CAE571000061271 /* LeftSlider.xcdatamodel */ = {isa = PBXFileReference; lastKnownFileType = wrapper.xcdatamodel; path = LeftSlider.xcdatamodel; sourceTree = "<group>"; };
		38A80FF21CAE571000061271 /* Assets.xcassets */ = {isa = PBXFileReference; lastKnownFileType = folder.assetcatalog; path = Assets.xcassets; sourceTree = "<group>"; };
		38A80FF51CAE571000061271 /* Base */ = {isa = PBXFileReference; lastKnownFileType = file.storyboard; name = Base; path = Base.lproj/LaunchScreen.storyboard; sourceTree = "<group>"; };
		38A80FF71CAE571000061271 /* Info.plist */ = {isa = PBXFileReference; lastKnownFileType = text.plist.xml; path = Info.plist; sourceTree = "<group>"; };
		38A80FFC1CAE571000061271 /* LeftSliderTests.xctest */ = {isa = PBXFileReference; explicitFileType = wrapper.cfbundle; includeInIndex = 0; path = LeftSliderTests.xctest; sourceTree = BUILT_PRODUCTS_DIR; };
		38A810001CAE571000061271 /* LeftSliderTests.m */ = {isa = PBXFileReference; lastKnownFileType = sourcecode.c.objc; path = LeftSliderTests.m; sourceTree = "<group>"; };
		38A810021CAE571000061271 /* Info.plist */ = {isa = PBXFileReference; lastKnownFileType = text.plist.xml; path = Info.plist; sourceTree = "<group>"; };
		38A810071CAE571000061271 /* LeftSliderUITests.xctest */ = {isa = PBXFileReference; explicitFileType = wrapper.cfbundle; includeInIndex = 0; path = LeftSliderUITests.xctest; sourceTree = BUILT_PRODUCTS_DIR; };
		38A8100B1CAE571000061271 /* LeftSliderUITests.m */ = {isa = PBXFileReference; lastKnownFileType = sourcecode.c.objc; path = LeftSliderUITests.m; sourceTree = "<group>"; };
		38A8100D1CAE571000061271 /* Info.plist */ = {isa = PBXFileReference; lastKnownFileType = text.plist.xml; path = Info.plist; sourceTree = "<group>"; };
		38A810191CAE581200061271 /* FirstPage */ = {isa = PBXFileReference; lastKnownFileType = folder; path = FirstPage; sourceTree = "<group>"; };
		38A8101D1CAE587700061271 /* Common */ = {isa = PBXFileReference; lastKnownFileType = folder; path = Common; sourceTree = "<group>"; };
		38A8101F1CAE587700061271 /* SecondPage */ = {isa = PBXFileReference; lastKnownFileType = folder; path = SecondPage; sourceTree = "<group>"; };
		38A810201CAE587700061271 /* ThirdPage */ = {isa = PBXFileReference; lastKnownFileType = folder; path = ThirdPage; sourceTree = "<group>"; };
		38A810281CAE598400061271 /* CoreData */ = {isa = PBXFileReference; lastKnownFileType = folder; path = CoreData; sourceTree = "<group>"; };
		38A810331CAE68C700061271 /* LeftSortsViewController.h */ = {isa = PBXFileReference; fileEncoding = 4; lastKnownFileType = sourcecode.c.h; name = LeftSortsViewController.h; path = ThirdPart/LeftSide/LeftSortsViewController.h; sourceTree = "<group>"; };
		38A810341CAE68C700061271 /* LeftSortsViewController.m */ = {isa = PBXFileReference; fileEncoding = 4; lastKnownFileType = sourcecode.c.objc; name = LeftSortsViewController.m; path = ThirdPart/LeftSide/LeftSortsViewController.m; sourceTree = "<group>"; };
		38A810361CAE68D600061271 /* SkipViewController.h */ = {isa = PBXFileReference; fileEncoding = 4; lastKnownFileType = sourcecode.c.h; name = SkipViewController.h; path = ThirdPart/LeftSide/SideBackViewController/SkipViewController.h; sourceTree = "<group>"; };
		38A810371CAE68D600061271 /* SkipViewController.m */ = {isa = PBXFileReference; fileEncoding = 4; lastKnownFileType = sourcecode.c.objc; name = SkipViewController.m; path = ThirdPart/LeftSide/SideBackViewController/SkipViewController.m; sourceTree = "<group>"; };
		38A810391CAE68E100061271 /* LeftSlideViewController.h */ = {isa = PBXFileReference; fileEncoding = 4; lastKnownFileType = sourcecode.c.h; name = LeftSlideViewController.h; path = ThirdPart/LeftSide/LeftSlideViewController/LeftSlideViewController.h; sourceTree = "<group>"; };
		38A8103A1CAE68E100061271 /* LeftSlideViewController.m */ = {isa = PBXFileReference; fileEncoding = 4; lastKnownFileType = sourcecode.c.objc; name = LeftSlideViewController.m; path = ThirdPart/LeftSide/LeftSlideViewController/LeftSlideViewController.m; sourceTree = "<group>"; };
		38A8103B1CAE68E100061271 /* UIView_extra.h */ = {isa = PBXFileReference; fileEncoding = 4; lastKnownFileType = sourcecode.c.h; name = UIView_extra.h; path = ThirdPart/LeftSide/LeftSlideViewController/UIView_extra.h; sourceTree = "<group>"; };
		38A8103C1CAE68E100061271 /* UIView_extra.m */ = {isa = PBXFileReference; fileEncoding = 4; lastKnownFileType = sourcecode.c.objc; name = UIView_extra.m; path = ThirdPart/LeftSide/LeftSlideViewController/UIView_extra.m; sourceTree = "<group>"; };
		38A810401CAE695200061271 /* OtherViewController.h */ = {isa = PBXFileReference; fileEncoding = 4; lastKnownFileType = sourcecode.c.h; name = OtherViewController.h; path = OtherPage/OtherViewController.h; sourceTree = "<group>"; };
		38A810411CAE695200061271 /* OtherViewController.m */ = {isa = PBXFileReference; fileEncoding = 4; lastKnownFileType = sourcecode.c.objc; name = OtherViewController.m; path = OtherPage/OtherViewController.m; sourceTree = "<group>"; };
		A9A7D8466DDD42F2E84BE165 /* libPods.a */ = {isa = PBXFileReference; explicitFileType = archive.ar; includeInIndex = 0; path = libPods.a; sourceTree = BUILT_PRODUCTS_DIR; };
		B4F2F0E369FD634FC11D84EE /* Pods.debug.xcconfig */ = {isa = PBXFileReference; includeInIndex = 1; lastKnownFileType = text.xcconfig; name = Pods.debug.xcconfig; path = "Pods/Target Support Files/Pods/Pods.debug.xcconfig"; sourceTree = "<group>"; };
/* End PBXFileReference section */

/* Begin PBXFrameworksBuildPhase section */
		38A80FDD1CAE571000061271 /* Frameworks */ = {
			isa = PBXFrameworksBuildPhase;
			buildActionMask = 2147483647;
			files = (
				FFAEBB458CDA6A9C4E95267D /* libPods.a in Frameworks */,
			);
			runOnlyForDeploymentPostprocessing = 0;
		};
		38A80FF91CAE571000061271 /* Frameworks */ = {
			isa = PBXFrameworksBuildPhase;
			buildActionMask = 2147483647;
			files = (
			);
			runOnlyForDeploymentPostprocessing = 0;
		};
		38A810041CAE571000061271 /* Frameworks */ = {
			isa = PBXFrameworksBuildPhase;
			buildActionMask = 2147483647;
			files = (
			);
			runOnlyForDeploymentPostprocessing = 0;
		};
/* End PBXFrameworksBuildPhase section */

/* Begin PBXGroup section */
		211408DD6FCD63B80A70DA14 /* Pods */ = {
			isa = PBXGroup;
			children = (
				B4F2F0E369FD634FC11D84EE /* Pods.debug.xcconfig */,
				1160FC9EF9FA1A0084C6E260 /* Pods.release.xcconfig */,
			);
			name = Pods;
			sourceTree = "<group>";
		};
		38A80FD71CAE571000061271 = {
			isa = PBXGroup;
			children = (
				38A80FE21CAE571000061271 /* LeftSlider */,
				38A80FFF1CAE571000061271 /* LeftSliderTests */,
				38A8100A1CAE571000061271 /* LeftSliderUITests */,
				38A80FE11CAE571000061271 /* Products */,
				211408DD6FCD63B80A70DA14 /* Pods */,
				933DED81A3472146ADD9CD53 /* Frameworks */,
			);
			sourceTree = "<group>";
		};
		38A80FE11CAE571000061271 /* Products */ = {
			isa = PBXGroup;
			children = (
				38A80FE01CAE571000061271 /* LeftSlider.app */,
				38A80FFC1CAE571000061271 /* LeftSliderTests.xctest */,
				38A810071CAE571000061271 /* LeftSliderUITests.xctest */,
			);
			name = Products;
			sourceTree = "<group>";
		};
		38A80FE21CAE571000061271 /* LeftSlider */ = {
			isa = PBXGroup;
			children = (
				38A810431CAE7A9C00061271 /* FirstPage */,
				38A8103F1CAE691B00061271 /* OtherPage */,
				38A8102F1CAE688E00061271 /* ThirdPart */,
				38A810281CAE598400061271 /* CoreData */,
				38A810191CAE581200061271 /* FirstPage */,
				38A8101F1CAE587700061271 /* SecondPage */,
				38A810201CAE587700061271 /* ThirdPage */,
				38A8101D1CAE587700061271 /* Common */,
				38A80FE61CAE571000061271 /* AppDelegate.h */,
				38A80FE71CAE571000061271 /* AppDelegate.m */,
				38A8102C1CAE59B800061271 /* StroyBoard */,
				38A80FE31CAE571000061271 /* Supporting Files */,
			);
			path = LeftSlider;
			sourceTree = "<group>";
		};
		38A80FE31CAE571000061271 /* Supporting Files */ = {
			isa = PBXGroup;
			children = (
				38A80FEF1CAE571000061271 /* LeftSlider.xcdatamodeld */,
				38A80FF21CAE571000061271 /* Assets.xcassets */,
				38A80FF71CAE571000061271 /* Info.plist */,
				38A80FE41CAE571000061271 /* main.m */,
			);
			name = "Supporting Files";
			sourceTree = "<group>";
		};
		38A80FFF1CAE571000061271 /* LeftSliderTests */ = {
			isa = PBXGroup;
			children = (
				38A810001CAE571000061271 /* LeftSliderTests.m */,
				38A810021CAE571000061271 /* Info.plist */,
			);
			path = LeftSliderTests;
			sourceTree = "<group>";
		};
		38A8100A1CAE571000061271 /* LeftSliderUITests */ = {
			isa = PBXGroup;
			children = (
				38A8100B1CAE571000061271 /* LeftSliderUITests.m */,
				38A8100D1CAE571000061271 /* Info.plist */,
			);
			path = LeftSliderUITests;
			sourceTree = "<group>";
		};
		38A8102C1CAE59B800061271 /* StroyBoard */ = {
			isa = PBXGroup;
			children = (
				38A80FEC1CAE571000061271 /* Main.storyboard */,
				38A80FF41CAE571000061271 /* LaunchScreen.storyboard */,
			);
			name = StroyBoard;
			sourceTree = "<group>";
		};
		38A8102F1CAE688E00061271 /* ThirdPart */ = {
			isa = PBXGroup;
			children = (
				38A810471CAE7EBB00061271 /* PopMenuView */,
				38A810301CAE689D00061271 /* LeftSider */,
			);
			name = ThirdPart;
			sourceTree = "<group>";
		};
		38A810301CAE689D00061271 /* LeftSider */ = {
			isa = PBXGroup;
			children = (
				38A810331CAE68C700061271 /* LeftSortsViewController.h */,
				38A810341CAE68C700061271 /* LeftSortsViewController.m */,
				38A810321CAE68AF00061271 /* SideBackViewController */,
				38A810311CAE68A700061271 /* LeftSlideViewController */,
			);
			name = LeftSider;
			sourceTree = "<group>";
		};
		38A810311CAE68A700061271 /* LeftSlideViewController */ = {
			isa = PBXGroup;
			children = (
				38A810391CAE68E100061271 /* LeftSlideViewController.h */,
				38A8103A1CAE68E100061271 /* LeftSlideViewController.m */,
				38A8103B1CAE68E100061271 /* UIView_extra.h */,
				38A8103C1CAE68E100061271 /* UIView_extra.m */,
			);
			name = LeftSlideViewController;
			sourceTree = "<group>";
		};
		38A810321CAE68AF00061271 /* SideBackViewController */ = {
			isa = PBXGroup;
			children = (
				38A810361CAE68D600061271 /* SkipViewController.h */,
				38A810371CAE68D600061271 /* SkipViewController.m */,
			);
			name = SideBackViewController;
			sourceTree = "<group>";
		};
		38A8103F1CAE691B00061271 /* OtherPage */ = {
			isa = PBXGroup;
			children = (
				38A810401CAE695200061271 /* OtherViewController.h */,
				38A810411CAE695200061271 /* OtherViewController.m */,
			);
			name = OtherPage;
			sourceTree = "<group>";
		};
		38A810431CAE7A9C00061271 /* FirstPage */ = {
			isa = PBXGroup;
			children = (
				38A810461CAE7AD100061271 /* model */,
				38A810451CAE7ACC00061271 /* view */,
				38A810441CAE7AC400061271 /* controller */,
			);
			name = FirstPage;
			sourceTree = "<group>";
		};
		38A810441CAE7AC400061271 /* controller */ = {
			isa = PBXGroup;
			children = (
				38A80FE91CAE571000061271 /* MainPageViewController.h */,
				38A80FEA1CAE571000061271 /* MainPageViewController.m */,
			);
			name = controller;
			sourceTree = "<group>";
		};
		38A810451CAE7ACC00061271 /* view */ = {
			isa = PBXGroup;
			children = (
			);
			name = view;
			sourceTree = "<group>";
		};
		38A810461CAE7AD100061271 /* model */ = {
			isa = PBXGroup;
			children = (
			);
			name = model;
			sourceTree = "<group>";
		};
		38A810471CAE7EBB00061271 /* PopMenuView */ = {
			isa = PBXGroup;
			children = (
				3883DDA71CB397AC00D96EE6 /* ZFPopupMenu.h */,
				3883DDA81CB397AC00D96EE6 /* ZFPopupMenu.m */,
				3883DDA91CB397AC00D96EE6 /* ZFPopupMenuItem.h */,
				3883DDAA1CB397AC00D96EE6 /* ZFPopupMenuItem.m */,
				3883DDAB1CB397AC00D96EE6 /* ZFPopupOverlayView.h */,
				3883DDAC1CB397AC00D96EE6 /* ZFPopupOverlayView.m */,
			);
			name = PopMenuView;
			sourceTree = "<group>";
		};
		933DED81A3472146ADD9CD53 /* Frameworks */ = {
			isa = PBXGroup;
			children = (
				A9A7D8466DDD42F2E84BE165 /* libPods.a */,
			);
			name = Frameworks;
			sourceTree = "<group>";
		};
/* End PBXGroup section */

/* Begin PBXNativeTarget section */
		38A80FDF1CAE571000061271 /* LeftSlider */ = {
			isa = PBXNativeTarget;
			buildConfigurationList = 38A810101CAE571000061271 /* Build configuration list for PBXNativeTarget "LeftSlider" */;
			buildPhases = (
				8F835A78768D3A84C72DDF0D /* Check Pods Manifest.lock */,
				38A80FDC1CAE571000061271 /* Sources */,
				38A80FDD1CAE571000061271 /* Frameworks */,
				38A80FDE1CAE571000061271 /* Resources */,
				19BA6989B26C826D089E7EE0 /* Embed Pods Frameworks */,
				5EE8D4E9062E0311B7873F9F /* Copy Pods Resources */,
			);
			buildRules = (
			);
			dependencies = (
			);
			name = LeftSlider;
			productName = LeftSlider;
			productReference = 38A80FE01CAE571000061271 /* LeftSlider.app */;
			productType = "com.apple.product-type.application";
		};
		38A80FFB1CAE571000061271 /* LeftSliderTests */ = {
			isa = PBXNativeTarget;
			buildConfigurationList = 38A810131CAE571000061271 /* Build configuration list for PBXNativeTarget "LeftSliderTests" */;
			buildPhases = (
				38A80FF81CAE571000061271 /* Sources */,
				38A80FF91CAE571000061271 /* Frameworks */,
				38A80FFA1CAE571000061271 /* Resources */,
			);
			buildRules = (
			);
			dependencies = (
				38A80FFE1CAE571000061271 /* PBXTargetDependency */,
			);
			name = LeftSliderTests;
			productName = LeftSliderTests;
			productReference = 38A80FFC1CAE571000061271 /* LeftSliderTests.xctest */;
			productType = "com.apple.product-type.bundle.unit-test";
		};
		38A810061CAE571000061271 /* LeftSliderUITests */ = {
			isa = PBXNativeTarget;
			buildConfigurationList = 38A810161CAE571000061271 /* Build configuration list for PBXNativeTarget "LeftSliderUITests" */;
			buildPhases = (
				38A810031CAE571000061271 /* Sources */,
				38A810041CAE571000061271 /* Frameworks */,
				38A810051CAE571000061271 /* Resources */,
			);
			buildRules = (
			);
			dependencies = (
				38A810091CAE571000061271 /* PBXTargetDependency */,
			);
			name = LeftSliderUITests;
			productName = LeftSliderUITests;
			productReference = 38A810071CAE571000061271 /* LeftSliderUITests.xctest */;
			productType = "com.apple.product-type.bundle.ui-testing";
		};
/* End PBXNativeTarget section */

/* Begin PBXProject section */
		38A80FD81CAE571000061271 /* Project object */ = {
			isa = PBXProject;
			attributes = {
				LastUpgradeCheck = 0720;
				ORGANIZATIONNAME = SXTJ;
				TargetAttributes = {
					38A80FDF1CAE571000061271 = {
						CreatedOnToolsVersion = 7.2.1;
					};
					38A80FFB1CAE571000061271 = {
						CreatedOnToolsVersion = 7.2.1;
						TestTargetID = 38A80FDF1CAE571000061271;
					};
					38A810061CAE571000061271 = {
						CreatedOnToolsVersion = 7.2.1;
						TestTargetID = 38A80FDF1CAE571000061271;
					};
				};
			};
			buildConfigurationList = 38A80FDB1CAE571000061271 /* Build configuration list for PBXProject "LeftSlider" */;
			compatibilityVersion = "Xcode 3.2";
			developmentRegion = English;
			hasScannedForEncodings = 0;
			knownRegions = (
				en,
				Base,
			);
			mainGroup = 38A80FD71CAE571000061271;
			productRefGroup = 38A80FE11CAE571000061271 /* Products */;
			projectDirPath = "";
			projectRoot = "";
			targets = (
				38A80FDF1CAE571000061271 /* LeftSlider */,
				38A80FFB1CAE571000061271 /* LeftSliderTests */,
				38A810061CAE571000061271 /* LeftSliderUITests */,
			);
		};
/* End PBXProject section */

/* Begin PBXResourcesBuildPhase section */
		38A80FDE1CAE571000061271 /* Resources */ = {
			isa = PBXResourcesBuildPhase;
			buildActionMask = 2147483647;
			files = (
				38A810221CAE587700061271 /* Common in Resources */,
				38A8102A1CAE598400061271 /* CoreData in Resources */,
				38A810251CAE587700061271 /* ThirdPage in Resources */,
				38A80FF61CAE571000061271 /* LaunchScreen.storyboard in Resources */,
				38A810241CAE587700061271 /* SecondPage in Resources */,
				38A80FF31CAE571000061271 /* Assets.xcassets in Resources */,
				38A8101A1CAE581200061271 /* FirstPage in Resources */,
				38A80FEE1CAE571000061271 /* Main.storyboard in Resources */,
			);
			runOnlyForDeploymentPostprocessing = 0;
		};
		38A80FFA1CAE571000061271 /* Resources */ = {
			isa = PBXResourcesBuildPhase;
			buildActionMask = 2147483647;
			files = (
			);
			runOnlyForDeploymentPostprocessing = 0;
		};
		38A810051CAE571000061271 /* Resources */ = {
			isa = PBXResourcesBuildPhase;
			buildActionMask = 2147483647;
			files = (
			);
			runOnlyForDeploymentPostprocessing = 0;
		};
/* End PBXResourcesBuildPhase section */

/* Begin PBXShellScriptBuildPhase section */
		19BA6989B26C826D089E7EE0 /* Embed Pods Frameworks */ = {
			isa = PBXShellScriptBuildPhase;
			buildActionMask = 2147483647;
			files = (
			);
			inputPaths = (
			);
			name = "Embed Pods Frameworks";
			outputPaths = (
			);
			runOnlyForDeploymentPostprocessing = 0;
			shellPath = /bin/sh;
			shellScript = "\"${SRCROOT}/Pods/Target Support Files/Pods/Pods-frameworks.sh\"\n";
			showEnvVarsInLog = 0;
		};
		5EE8D4E9062E0311B7873F9F /* Copy Pods Resources */ = {
			isa = PBXShellScriptBuildPhase;
			buildActionMask = 2147483647;
			files = (
			);
			inputPaths = (
			);
			name = "Copy Pods Resources";
			outputPaths = (
			);
			runOnlyForDeploymentPostprocessing = 0;
			shellPath = /bin/sh;
			shellScript = "\"${SRCROOT}/Pods/Target Support Files/Pods/Pods-resources.sh\"\n";
			showEnvVarsInLog = 0;
		};
		8F835A78768D3A84C72DDF0D /* Check Pods Manifest.lock */ = {
			isa = PBXShellScriptBuildPhase;
			buildActionMask = 2147483647;
			files = (
			);
			inputPaths = (
			);
			name = "Check Pods Manifest.lock";
			outputPaths = (
			);
			runOnlyForDeploymentPostprocessing = 0;
			shellPath = /bin/sh;
			shellScript = "diff \"${PODS_ROOT}/../Podfile.lock\" \"${PODS_ROOT}/Manifest.lock\" > /dev/null\nif [[ $? != 0 ]] ; then\n    cat << EOM\nerror: The sandbox is not in sync with the Podfile.lock. Run 'pod install' or update your CocoaPods installation.\nEOM\n    exit 1\nfi\n";
			showEnvVarsInLog = 0;
		};
/* End PBXShellScriptBuildPhase section */

/* Begin PBXSourcesBuildPhase section */
		38A80FDC1CAE571000061271 /* Sources */ = {
			isa = PBXSourcesBuildPhase;
			buildActionMask = 2147483647;
			files = (
				3883DDAF1CB397AC00D96EE6 /* ZFPopupOverlayView.m in Sources */,
				38A810351CAE68C700061271 /* LeftSortsViewController.m in Sources */,
				38A8103D1CAE68E100061271 /* LeftSlideViewController.m in Sources */,
				3883DDAE1CB397AC00D96EE6 /* ZFPopupMenuItem.m in Sources */,
				38A810381CAE68D600061271 /* SkipViewController.m in Sources */,
				38A810421CAE695200061271 /* OtherViewController.m in Sources */,
				38A80FEB1CAE571000061271 /* MainPageViewController.m in Sources */,
				38A80FF11CAE571000061271 /* LeftSlider.xcdatamodeld in Sources */,
				3883DDAD1CB397AC00D96EE6 /* ZFPopupMenu.m in Sources */,
				38A8103E1CAE68E100061271 /* UIView_extra.m in Sources */,
				38A80FE81CAE571000061271 /* AppDelegate.m in Sources */,
				38A80FE51CAE571000061271 /* main.m in Sources */,
			);
			runOnlyForDeploymentPostprocessing = 0;
		};
		38A80FF81CAE571000061271 /* Sources */ = {
			isa = PBXSourcesBuildPhase;
			buildActionMask = 2147483647;
			files = (
				38A810011CAE571000061271 /* LeftSliderTests.m in Sources */,
			);
			runOnlyForDeploymentPostprocessing = 0;
		};
		38A810031CAE571000061271 /* Sources */ = {
			isa = PBXSourcesBuildPhase;
			buildActionMask = 2147483647;
			files = (
				38A8100C1CAE571000061271 /* LeftSliderUITests.m in Sources */,
			);
			runOnlyForDeploymentPostprocessing = 0;
		};
/* End PBXSourcesBuildPhase section */

/* Begin PBXTargetDependency section */
		38A80FFE1CAE571000061271 /* PBXTargetDependency */ = {
			isa = PBXTargetDependency;
			target = 38A80FDF1CAE571000061271 /* LeftSlider */;
			targetProxy = 38A80FFD1CAE571000061271 /* PBXContainerItemProxy */;
		};
		38A810091CAE571000061271 /* PBXTargetDependency */ = {
			isa = PBXTargetDependency;
			target = 38A80FDF1CAE571000061271 /* LeftSlider */;
			targetProxy = 38A810081CAE571000061271 /* PBXContainerItemProxy */;
		};
/* End PBXTargetDependency section */

/* Begin PBXVariantGroup section */
		38A80FEC1CAE571000061271 /* Main.storyboard */ = {
			isa = PBXVariantGroup;
			children = (
				38A80FED1CAE571000061271 /* Base */,
			);
			name = Main.storyboard;
			sourceTree = "<group>";
		};
		38A80FF41CAE571000061271 /* LaunchScreen.storyboard */ = {
			isa = PBXVariantGroup;
			children = (
				38A80FF51CAE571000061271 /* Base */,
			);
			name = LaunchScreen.storyboard;
			sourceTree = "<group>";
		};
/* End PBXVariantGroup section */

/* Begin XCBuildConfiguration section */
		38A8100E1CAE571000061271 /* Debug */ = {
			isa = XCBuildConfiguration;
			buildSettings = {
				ALWAYS_SEARCH_USER_PATHS = NO;
				CLANG_CXX_LANGUAGE_STANDARD = "gnu++0x";
				CLANG_CXX_LIBRARY = "libc++";
				CLANG_ENABLE_MODULES = YES;
				CLANG_ENABLE_OBJC_ARC = YES;
				CLANG_WARN_BOOL_CONVERSION = YES;
				CLANG_WARN_CONSTANT_CONVERSION = YES;
				CLANG_WARN_DIRECT_OBJC_ISA_USAGE = YES_ERROR;
				CLANG_WARN_EMPTY_BODY = YES;
				CLANG_WARN_ENUM_CONVERSION = YES;
				CLANG_WARN_INT_CONVERSION = YES;
				CLANG_WARN_OBJC_ROOT_CLASS = YES_ERROR;
				CLANG_WARN_UNREACHABLE_CODE = YES;
				CLANG_WARN__DUPLICATE_METHOD_MATCH = YES;
				"CODE_SIGN_IDENTITY[sdk=iphoneos*]" = "iPhone Developer";
				COPY_PHASE_STRIP = NO;
				DEBUG_INFORMATION_FORMAT = dwarf;
				ENABLE_STRICT_OBJC_MSGSEND = YES;
				ENABLE_TESTABILITY = YES;
				GCC_C_LANGUAGE_STANDARD = gnu99;
				GCC_DYNAMIC_NO_PIC = NO;
				GCC_NO_COMMON_BLOCKS = YES;
				GCC_OPTIMIZATION_LEVEL = 0;
				GCC_PREPROCESSOR_DEFINITIONS = (
					"DEBUG=1",
					"$(inherited)",
				);
				GCC_WARN_64_TO_32_BIT_CONVERSION = YES;
				GCC_WARN_ABOUT_RETURN_TYPE = YES_ERROR;
				GCC_WARN_UNDECLARED_SELECTOR = YES;
				GCC_WARN_UNINITIALIZED_AUTOS = YES_AGGRESSIVE;
				GCC_WARN_UNUSED_FUNCTION = YES;
				GCC_WARN_UNUSED_VARIABLE = YES;
				IPHONEOS_DEPLOYMENT_TARGET = 9.2;
				MTL_ENABLE_DEBUG_INFO = YES;
				ONLY_ACTIVE_ARCH = YES;
				SDKROOT = iphoneos;
				TARGETED_DEVICE_FAMILY = "1,2";
			};
			name = Debug;
		};
		38A8100F1CAE571000061271 /* Release */ = {
			isa = XCBuildConfiguration;
			buildSettings = {
				ALWAYS_SEARCH_USER_PATHS = NO;
				CLANG_CXX_LANGUAGE_STANDARD = "gnu++0x";
				CLANG_CXX_LIBRARY = "libc++";
				CLANG_ENABLE_MODULES = YES;
				CLANG_ENABLE_OBJC_ARC = YES;
				CLANG_WARN_BOOL_CONVERSION = YES;
				CLANG_WARN_CONSTANT_CONVERSION = YES;
				CLANG_WARN_DIRECT_OBJC_ISA_USAGE = YES_ERROR;
				CLANG_WARN_EMPTY_BODY = YES;
				CLANG_WARN_ENUM_CONVERSION = YES;
				CLANG_WARN_INT_CONVERSION = YES;
				CLANG_WARN_OBJC_ROOT_CLASS = YES_ERROR;
				CLANG_WARN_UNREACHABLE_CODE = YES;
				CLANG_WARN__DUPLICATE_METHOD_MATCH = YES;
				"CODE_SIGN_IDENTITY[sdk=iphoneos*]" = "iPhone Developer";
				COPY_PHASE_STRIP = NO;
				DEBUG_INFORMATION_FORMAT = "dwarf-with-dsym";
				ENABLE_NS_ASSERTIONS = NO;
				ENABLE_STRICT_OBJC_MSGSEND = YES;
				GCC_C_LANGUAGE_STANDARD = gnu99;
				GCC_NO_COMMON_BLOCKS = YES;
				GCC_WARN_64_TO_32_BIT_CONVERSION = YES;
				GCC_WARN_ABOUT_RETURN_TYPE = YES_ERROR;
				GCC_WARN_UNDECLARED_SELECTOR = YES;
				GCC_WARN_UNINITIALIZED_AUTOS = YES_AGGRESSIVE;
				GCC_WARN_UNUSED_FUNCTION = YES;
				GCC_WARN_UNUSED_VARIABLE = YES;
				IPHONEOS_DEPLOYMENT_TARGET = 9.2;
				MTL_ENABLE_DEBUG_INFO = NO;
				SDKROOT = iphoneos;
				TARGETED_DEVICE_FAMILY = "1,2";
				VALIDATE_PRODUCT = YES;
			};
			name = Release;
		};
		38A810111CAE571000061271 /* Debug */ = {
			isa = XCBuildConfiguration;
			baseConfigurationReference = B4F2F0E369FD634FC11D84EE /* Pods.debug.xcconfig */;
			buildSettings = {
				ASSETCATALOG_COMPILER_APPICON_NAME = AppIcon;
				INFOPLIST_FILE = LeftSlider/Info.plist;
				LD_RUNPATH_SEARCH_PATHS = "$(inherited) @executable_path/Frameworks";
				PRODUCT_BUNDLE_IDENTIFIER = com.sxtj.LeftSlider;
				PRODUCT_NAME = "$(TARGET_NAME)";
			};
			name = Debug;
		};
		38A810121CAE571000061271 /* Release */ = {
			isa = XCBuildConfiguration;
			baseConfigurationReference = 1160FC9EF9FA1A0084C6E260 /* Pods.release.xcconfig */;
			buildSettings = {
				ASSETCATALOG_COMPILER_APPICON_NAME = AppIcon;
				INFOPLIST_FILE = LeftSlider/Info.plist;
				LD_RUNPATH_SEARCH_PATHS = "$(inherited) @executable_path/Frameworks";
				PRODUCT_BUNDLE_IDENTIFIER = com.sxtj.LeftSlider;
				PRODUCT_NAME = "$(TARGET_NAME)";
			};
			name = Release;
		};
		38A810141CAE571000061271 /* Debug */ = {
			isa = XCBuildConfiguration;
			buildSettings = {
				BUNDLE_LOADER = "$(TEST_HOST)";
				INFOPLIST_FILE = LeftSliderTests/Info.plist;
				LD_RUNPATH_SEARCH_PATHS = "$(inherited) @executable_path/Frameworks @loader_path/Frameworks";
				PRODUCT_BUNDLE_IDENTIFIER = com.sxtj.LeftSliderTests;
				PRODUCT_NAME = "$(TARGET_NAME)";
				TEST_HOST = "$(BUILT_PRODUCTS_DIR)/LeftSlider.app/LeftSlider";
			};
			name = Debug;
		};
		38A810151CAE571000061271 /* Release */ = {
			isa = XCBuildConfiguration;
			buildSettings = {
				BUNDLE_LOADER = "$(TEST_HOST)";
				INFOPLIST_FILE = LeftSliderTests/Info.plist;
				LD_RUNPATH_SEARCH_PATHS = "$(inherited) @executable_path/Frameworks @loader_path/Frameworks";
				PRODUCT_BUNDLE_IDENTIFIER = com.sxtj.LeftSliderTests;
				PRODUCT_NAME = "$(TARGET_NAME)";
				TEST_HOST = "$(BUILT_PRODUCTS_DIR)/LeftSlider.app/LeftSlider";
			};
			name = Release;
		};
		38A810171CAE571000061271 /* Debug */ = {
			isa = XCBuildConfiguration;
			buildSettings = {
				INFOPLIST_FILE = LeftSliderUITests/Info.plist;
				LD_RUNPATH_SEARCH_PATHS = "$(inherited) @executable_path/Frameworks @loader_path/Frameworks";
				PRODUCT_BUNDLE_IDENTIFIER = com.sxtj.LeftSliderUITests;
				PRODUCT_NAME = "$(TARGET_NAME)";
				TEST_TARGET_NAME = LeftSlider;
				USES_XCTRUNNER = YES;
			};
			name = Debug;
		};
		38A810181CAE571000061271 /* Release */ = {
			isa = XCBuildConfiguration;
			buildSettings = {
				INFOPLIST_FILE = LeftSliderUITests/Info.plist;
				LD_RUNPATH_SEARCH_PATHS = "$(inherited) @executable_path/Frameworks @loader_path/Frameworks";
				PRODUCT_BUNDLE_IDENTIFIER = com.sxtj.LeftSliderUITests;
				PRODUCT_NAME = "$(TARGET_NAME)";
				TEST_TARGET_NAME = LeftSlider;
				USES_XCTRUNNER = YES;
			};
			name = Release;
		};
/* End XCBuildConfiguration section */

/* Begin XCConfigurationList section */
		38A80FDB1CAE571000061271 /* Build configuration list for PBXProject "LeftSlider" */ = {
			isa = XCConfigurationList;
			buildConfigurations = (
				38A8100E1CAE571000061271 /* Debug */,
				38A8100F1CAE571000061271 /* Release */,
			);
			defaultConfigurationIsVisible = 0;
			defaultConfigurationName = Release;
		};
		38A810101CAE571000061271 /* Build configuration list for PBXNativeTarget "LeftSlider" */ = {
			isa = XCConfigurationList;
			buildConfigurations = (
				38A810111CAE571000061271 /* Debug */,
				38A810121CAE571000061271 /* Release */,
			);
			defaultConfigurationIsVisible = 0;
			defaultConfigurationName = Release;
		};
		38A810131CAE571000061271 /* Build configuration list for PBXNativeTarget "LeftSliderTests" */ = {
			isa = XCConfigurationList;
			buildConfigurations = (
				38A810141CAE571000061271 /* Debug */,
				38A810151CAE571000061271 /* Release */,
			);
			defaultConfigurationIsVisible = 0;
			defaultConfigurationName = Release;
		};
		38A810161CAE571000061271 /* Build configuration list for PBXNativeTarget "LeftSliderUITests" */ = {
			isa = XCConfigurationList;
			buildConfigurations = (
				38A810171CAE571000061271 /* Debug */,
				38A810181CAE571000061271 /* Release */,
			);
			defaultConfigurationIsVisible = 0;
			defaultConfigurationName = Release;
		};
/* End XCConfigurationList section */

/* Begin XCVersionGroup section */
		38A80FEF1CAE571000061271 /* LeftSlider.xcdatamodeld */ = {
			isa = XCVersionGroup;
			children = (
				38A80FF01CAE571000061271 /* LeftSlider.xcdatamodel */,
			);
			currentVersion = 38A80FF01CAE571000061271 /* LeftSlider.xcdatamodel */;
			path = LeftSlider.xcdatamodeld;
			sourceTree = "<group>";
			versionGroupType = wrapper.xcdatamodel;
		};
/* End XCVersionGroup section */
	};
	rootObject = 38A80FD81CAE571000061271 /* Project object */;
}
